
Microsoft Visual Studio Solution File, Format Version 12.00
# Visual Studio Version 16
VisualStudioVersion = 16.0.32929.386
MinimumVisualStudioVersion = 10.0.40219.1
Project("{FAE04EC0-301F-11D3-BF4B-00C04F79EFBC}") = "FolderDeepSearchV2", "FolderDeepSearchV2\FolderDeepSearchV2.csproj", "{4E89AD70-342B-4DA0-8242-3E641A889666}"
EndProject
Project("{FAE04EC0-301F-11D3-BF4B-00C04F79EFBC}") = "FolderDeepSearchV2.Core", "FolderDeepSearchV2.Core\FolderDeepSearchV2.Core.csproj", "{F9F66573-0718-44C6-B11A-0B4864D1E093}"
EndProject
Global
	GlobalSection(SolutionConfigurationPlatforms) = preSolution
		Debug|Any CPU = Debug|Any CPU
		Release|Any CPU = Release|Any CPU
	EndGlobalSection
	GlobalSection(ProjectConfigurationPlatforms) = postSolution
		{4E89AD70-342B-4DA0-8242-3E641A889666}.Debug|Any CPU.ActiveCfg = Debug|Any CPU
		{4E89AD70-342B-4DA0-8242-3E641A889666}.Debug|Any CPU.Build.0 = Debug|Any CPU
		{4E89AD70-342B-4DA0-8242-3E641A889666}.Release|Any CPU.ActiveCfg = Release|Any CPU
		{4E89AD70-342B-4DA0-8242-3E641A889666}.Release|Any CPU.Build.0 = Release|Any CPU
		{F9F66573-0718-44C6-B11A-0B4864D1E093}.Debug|Any CPU.ActiveCfg = Debug|Any CPU
		{F9F66573-0718-44C6-B11A-0B4864D1E093}.Debug|Any CPU.Build.0 = Debug|Any CPU
		{F9F66573-0718-44C6-B11A-0B4864D1E093}.Release|Any CPU.ActiveCfg = Release|Any CPU
		{F9F66573-0718-44C6-B11A-0B4864D1E093}.Release|Any CPU.Build.0 = Release|Any CPU
	EndGlobalSection
	GlobalSection(SolutionProperties) = preSolution
		HideSolutionNode = FALSE
	EndGlobalSection
	GlobalSection(ExtensibilityGlobals) = postSolution
		SolutionGuid = {46E10E28-B991-4212-9705-4715CBEEEC54}
	EndGlobalSection
EndGlobal
